# This file is autogenerated, do not edit; changes may be undone by the next 'dep ensure'.


[[projects]]
  digest = "1:d5286d88d5620c43617ecec0ec188ded033bf7a434b0c708cd16cd9a40545d04"
  name = "github.com/coreos/go-systemd"
  packages = ["dbus"]
  pruneopts = "UT"
  revision = "40e2722dffead74698ca12a750f64ef313ddce05"
  version = "v16"

[[projects]]
  digest = "1:af43bdaaf86655a2343f113e9b293bbc16b12099eaeb223982bbe4d4c22ba14d"
  name = "github.com/fatih/structs"
  packages = ["."]
  pruneopts = "UT"
  revision = "4966fc68f5b7593aafa6cbbba2d65ec6e1416047"
  version = "v1.1.0"

[[projects]]
  digest = "1:b33b93376c39fe1d08c439037423e99df1d9b4ce770cf0f8adcb740038a5d34d"
  name = "github.com/godbus/dbus"
  packages = [
    ".",
    "introspect",
    "prop",
  ]
  pruneopts = "UT"
  revision = "a389bdde4dd695d414e47b755e95e72b7826432c"
  version = "v4.1.0"

[[projects]]
  digest = "1:7b5c6e2eeaa9ae5907c391a91c132abfd5c9e8a784a341b5625e750c67e6825d"
  name = "github.com/gorilla/websocket"
  packages = ["."]
  pruneopts = "UT"
  revision = "66b9c49e59c6c48f0ffce28c2d8b8a5678502c6d"
  version = "v1.4.0"

[[projects]]
  digest = "1:0a69a1c0db3591fcefb47f115b224592c8dfa4368b7ba9fae509d5e16cdc95c8"
  name = "github.com/konsorten/go-windows-terminal-sequences"
  packages = ["."]
  pruneopts = "UT"
  revision = "5c8c8bd35d3832f5d134ae1e1e375b69a4d25242"
  version = "v1.0.1"

[[projects]]
  branch = "master"
  digest = "1:efca3ef4a9c339f9c45804f3bf561501838f90124ce7448c89934a89b4c069bb"
  name = "github.com/muka/ble"
  packages = ["linux/hci/socket"]
  pruneopts = "UT"
  revision = "c5982255bf40c9c8862768b014f33dd58d2784ff"

[[projects]]
  branch = "master"
  digest = "1:3f5ab4d3cf8eb2341d683a395602628a039fba27cf8ed4c7a6e436416cb380a9"
  name = "github.com/muka/go-bluetooth"
  packages = [
    "api",
    "bluez",
    "bluez/profile",
    "emitter",
    "linux",
    "linux/hciconfig",
    "util",
  ]
  pruneopts = "UT"
  revision = "d9e43e1ad94a5bb07d50ce95056bd76941488030"
  source = "github.com/muka/go-bluetooth"

[[projects]]
  digest = "1:cf31692c14422fa27c83a05292eb5cbe0fb2775972e8f1f8446a71549bd8980b"
  name = "github.com/pkg/errors"
  packages = ["."]
  pruneopts = "UT"
  revision = "ba968bfe8b2f7e042a574c888954fccecfa385b4"
  version = "v0.8.1"

[[projects]]
  digest = "1:87c2e02fb01c27060ccc5ba7c5a407cc91147726f8f40b70cceeedbc52b1f3a8"
  name = "github.com/sirupsen/logrus"
  packages = ["."]
  pruneopts = "UT"
  revision = "e1e72e9de974bd926e5c56f83753fba2df402ce5"
  version = "v1.3.0"

[[projects]]
  branch = "master"
  digest = "1:fde12c4da6237363bf36b81b59aa36a43d28061167ec4acb0d41fc49464e28b9"
  name = "golang.org/x/crypto"
  packages = ["ssh/terminal"]
  pruneopts = "UT"
  revision = "a4c6cb3142f211c99e4bf4cd769535b29a9b616f"

[[projects]]
  branch = "master"
  digest = "1:d10678d54787343b2250cdf8ede1d7ce2a80941823f33ca9e4ca33eebb63a3c9"
  name = "golang.org/x/sys"
  packages = [
    "unix",
    "windows",
  ]
  pruneopts = "UT"
  revision = "b4e8571b14e03cc164df06f72b640ebce3899579"

[solve-meta]
  analyzer-name = "dep"
  analyzer-version = 1
  input-imports = [
    "github.com/godbus/dbus",
    "github.com/gorilla/websocket",
    "github.com/muka/go-bluetooth/api",
    "github.com/muka/go-bluetooth/bluez",
    "github.com/muka/go-bluetooth/bluez/profile",
    "github.com/muka/go-bluetooth/emitter",
  ]
  solver-name = "gps-cdcl"
  solver-version = 1
